
Microsoft Visual Studio Solution File, Format Version 12.00
# Visual Studio Version 17
VisualStudioVersion = 17.0.31903.59
MinimumVisualStudioVersion = 10.0.40219.1
Project("{2150E333-8FDC-42A3-9474-1A3956D46DE8}") = "src", "src", "{EDB3B252-A54D-42FB-9C36-081433A2C294}"
EndProject
Project("{FAE04EC0-301F-11D3-BF4B-00C04F79EFBC}") = "Messaging", "src\Messaging\Messaging.csproj", "{53059B8C-F84C-4912-90D1-7219F4B3F7A0}"
EndProject
Project("{FAE04EC0-301F-11D3-BF4B-00C04F79EFBC}") = "Messaging.Kafka", "src\Messaging.Kafka\Messaging.Kafka.csproj", "{F7F6B1B6-9B46-4AF2-A151-8610EF877A09}"
EndProject
Project("{2150E333-8FDC-42A3-9474-1A3956D46DE8}") = "samples", "samples", "{F27D2FED-2134-4AAF-B632-C5E40A2C3448}"
EndProject
Project("{FAE04EC0-301F-11D3-BF4B-00C04F79EFBC}") = "Sample", "samples\Sample\Sample.csproj", "{54ABE91B-F4E8-44E4-89C1-292EB26511EB}"
EndProject
Project("{2150E333-8FDC-42A3-9474-1A3956D46DE8}") = "benchmarks", "benchmarks", "{12BA06F3-DC65-460B-9A6E-DD79BFE9D02D}"
EndProject
Project("{FAE04EC0-301F-11D3-BF4B-00C04F79EFBC}") = "Benchmarks", "benchmarks\Benchmarks\Benchmarks.csproj", "{ADFBBD97-A3B4-457C-972A-86B48BBC36A5}"
EndProject
Project("{2150E333-8FDC-42A3-9474-1A3956D46DE8}") = "root", "root", "{C22AD549-D42D-42E2-8F25-64C7E4B4AA94}"
	ProjectSection(SolutionItems) = preProject
		compose.yaml = compose.yaml
		.gitignore = .gitignore
	EndProjectSection
EndProject
Global
	GlobalSection(SolutionConfigurationPlatforms) = preSolution
		Debug|Any CPU = Debug|Any CPU
		Release|Any CPU = Release|Any CPU
	EndGlobalSection
	GlobalSection(SolutionProperties) = preSolution
		HideSolutionNode = FALSE
	EndGlobalSection
	GlobalSection(ProjectConfigurationPlatforms) = postSolution
		{53059B8C-F84C-4912-90D1-7219F4B3F7A0}.Debug|Any CPU.ActiveCfg = Debug|Any CPU
		{53059B8C-F84C-4912-90D1-7219F4B3F7A0}.Debug|Any CPU.Build.0 = Debug|Any CPU
		{53059B8C-F84C-4912-90D1-7219F4B3F7A0}.Release|Any CPU.ActiveCfg = Release|Any CPU
		{53059B8C-F84C-4912-90D1-7219F4B3F7A0}.Release|Any CPU.Build.0 = Release|Any CPU
		{F7F6B1B6-9B46-4AF2-A151-8610EF877A09}.Debug|Any CPU.ActiveCfg = Debug|Any CPU
		{F7F6B1B6-9B46-4AF2-A151-8610EF877A09}.Debug|Any CPU.Build.0 = Debug|Any CPU
		{F7F6B1B6-9B46-4AF2-A151-8610EF877A09}.Release|Any CPU.ActiveCfg = Release|Any CPU
		{F7F6B1B6-9B46-4AF2-A151-8610EF877A09}.Release|Any CPU.Build.0 = Release|Any CPU
		{54ABE91B-F4E8-44E4-89C1-292EB26511EB}.Debug|Any CPU.ActiveCfg = Debug|Any CPU
		{54ABE91B-F4E8-44E4-89C1-292EB26511EB}.Debug|Any CPU.Build.0 = Debug|Any CPU
		{54ABE91B-F4E8-44E4-89C1-292EB26511EB}.Release|Any CPU.ActiveCfg = Release|Any CPU
		{54ABE91B-F4E8-44E4-89C1-292EB26511EB}.Release|Any CPU.Build.0 = Release|Any CPU
		{ADFBBD97-A3B4-457C-972A-86B48BBC36A5}.Debug|Any CPU.ActiveCfg = Debug|Any CPU
		{ADFBBD97-A3B4-457C-972A-86B48BBC36A5}.Debug|Any CPU.Build.0 = Debug|Any CPU
		{ADFBBD97-A3B4-457C-972A-86B48BBC36A5}.Release|Any CPU.ActiveCfg = Release|Any CPU
		{ADFBBD97-A3B4-457C-972A-86B48BBC36A5}.Release|Any CPU.Build.0 = Release|Any CPU
	EndGlobalSection
	GlobalSection(NestedProjects) = preSolution
		{53059B8C-F84C-4912-90D1-7219F4B3F7A0} = {EDB3B252-A54D-42FB-9C36-081433A2C294}
		{F7F6B1B6-9B46-4AF2-A151-8610EF877A09} = {EDB3B252-A54D-42FB-9C36-081433A2C294}
		{54ABE91B-F4E8-44E4-89C1-292EB26511EB} = {F27D2FED-2134-4AAF-B632-C5E40A2C3448}
		{ADFBBD97-A3B4-457C-972A-86B48BBC36A5} = {12BA06F3-DC65-460B-9A6E-DD79BFE9D02D}
	EndGlobalSection
EndGlobal
